
Microsoft Visual Studio Solution File, Format Version 12.00
# Visual Studio Version 16
VisualStudioVersion = 16.0.31515.178
MinimumVisualStudioVersion = 10.0.40219.1
Project("{9A19103F-16F7-4668-BE54-9A1E7A4F7556}") = "Task1", "Task1\Task1.csproj", "{838179D5-7A32-400A-A549-4ED9EBFB7871}"
EndProject
Project("{9A19103F-16F7-4668-BE54-9A1E7A4F7556}") = "Task2", "Task2\Task2.csproj", "{4928213D-D563-48D4-9787-5F31652E62F4}"
EndProject
Project("{9A19103F-16F7-4668-BE54-9A1E7A4F7556}") = "hm_13.Task2", "hm_13.Task2\hm_13.Task2.csproj", "{19AE770E-A545-4144-AC95-D8BE3D46E7C7}"
EndProject
Project("{9A19103F-16F7-4668-BE54-9A1E7A4F7556}") = "hw_15.Task01", "hw_15.Task01\hw_15.Task01.csproj", "{49252B97-BA78-4815-9DBD-D937CFAEF35D}"
EndProject
Project("{9A19103F-16F7-4668-BE54-9A1E7A4F7556}") = "Motoshop", "Motoshop\Motoshop.csproj", "{2845969D-28F1-438B-95CD-76D097D8D19E}"
EndProject
Global
	GlobalSection(SolutionConfigurationPlatforms) = preSolution
		Debug|Any CPU = Debug|Any CPU
		Release|Any CPU = Release|Any CPU
	EndGlobalSection
	GlobalSection(ProjectConfigurationPlatforms) = postSolution
		{838179D5-7A32-400A-A549-4ED9EBFB7871}.Debug|Any CPU.ActiveCfg = Debug|Any CPU
		{838179D5-7A32-400A-A549-4ED9EBFB7871}.Debug|Any CPU.Build.0 = Debug|Any CPU
		{838179D5-7A32-400A-A549-4ED9EBFB7871}.Release|Any CPU.ActiveCfg = Release|Any CPU
		{838179D5-7A32-400A-A549-4ED9EBFB7871}.Release|Any CPU.Build.0 = Release|Any CPU
		{4928213D-D563-48D4-9787-5F31652E62F4}.Debug|Any CPU.ActiveCfg = Debug|Any CPU
		{4928213D-D563-48D4-9787-5F31652E62F4}.Debug|Any CPU.Build.0 = Debug|Any CPU
		{4928213D-D563-48D4-9787-5F31652E62F4}.Release|Any CPU.ActiveCfg = Release|Any CPU
		{4928213D-D563-48D4-9787-5F31652E62F4}.Release|Any CPU.Build.0 = Release|Any CPU
		{19AE770E-A545-4144-AC95-D8BE3D46E7C7}.Debug|Any CPU.ActiveCfg = Debug|Any CPU
		{19AE770E-A545-4144-AC95-D8BE3D46E7C7}.Debug|Any CPU.Build.0 = Debug|Any CPU
		{19AE770E-A545-4144-AC95-D8BE3D46E7C7}.Release|Any CPU.ActiveCfg = Release|Any CPU
		{19AE770E-A545-4144-AC95-D8BE3D46E7C7}.Release|Any CPU.Build.0 = Release|Any CPU
		{49252B97-BA78-4815-9DBD-D937CFAEF35D}.Debug|Any CPU.ActiveCfg = Debug|Any CPU
		{49252B97-BA78-4815-9DBD-D937CFAEF35D}.Debug|Any CPU.Build.0 = Debug|Any CPU
		{49252B97-BA78-4815-9DBD-D937CFAEF35D}.Release|Any CPU.ActiveCfg = Release|Any CPU
		{49252B97-BA78-4815-9DBD-D937CFAEF35D}.Release|Any CPU.Build.0 = Release|Any CPU
		{2845969D-28F1-438B-95CD-76D097D8D19E}.Debug|Any CPU.ActiveCfg = Debug|Any CPU
		{2845969D-28F1-438B-95CD-76D097D8D19E}.Debug|Any CPU.Build.0 = Debug|Any CPU
		{2845969D-28F1-438B-95CD-76D097D8D19E}.Release|Any CPU.ActiveCfg = Release|Any CPU
		{2845969D-28F1-438B-95CD-76D097D8D19E}.Release|Any CPU.Build.0 = Release|Any CPU
	EndGlobalSection
	GlobalSection(SolutionProperties) = preSolution
		HideSolutionNode = FALSE
	EndGlobalSection
	GlobalSection(ExtensibilityGlobals) = postSolution
		SolutionGuid = {04CE7C44-E717-4AEF-AB22-191A01A91DFE}
	EndGlobalSection
EndGlobal
